
Microsoft Visual Studio Solution File, Format Version 12.00
# Visual Studio Version 18
VisualStudioVersion = 18.6.11822.322
MinimumVisualStudioVersion = 10.0.40219.1
Project("{2150E333-8FDC-42A3-9474-1A3956D46DE8}") = "Backend", "Backend", "{1AE8ACA6-933B-BF2A-3671-3E2EAC007D16}"
EndProject
Project("{FAE04EC0-301F-11D3-BF4B-00C04F79EFBC}") = "UCR.EB.BioMicroscopeAdmin.Backend.Api", "Backend.Api\UCR.EB.BioMicroscopeAdmin.Backend.Api.csproj", "{4B0BEE94-5EAF-46D2-8203-C125E6CDF2B8}"
EndProject
Project("{FAE04EC0-301F-11D3-BF4B-00C04F79EFBC}") = "UCR.EB.BioMicroscopeAdmin.Backend.Application", "Backend.Application\UCR.EB.BioMicroscopeAdmin.Backend.Application.csproj", "{9DD3DFD2-752B-40F7-BFAE-161A2BDBC727}"
EndProject
Project("{FAE04EC0-301F-11D3-BF4B-00C04F79EFBC}") = "UCR.EB.BioMicroscopeAdmin.Backend.Application.Tests.Unit", "Backend.Application.Tests.Unit\UCR.EB.BioMicroscopeAdmin.Backend.Application.Tests.Unit.csproj", "{817D643F-07D4-4880-92C6-C133D18D2F88}"
EndProject
Project("{FAE04EC0-301F-11D3-BF4B-00C04F79EFBC}") = "UCR.EB.BioMicroscopeAdmin.Backend.DependencyInjection", "Backend.DependencyInjection\UCR.EB.BioMicroscopeAdmin.Backend.DependencyInjection.csproj", "{66E443DE-E747-4690-B59A-A90647A94A58}"
EndProject
Project("{FAE04EC0-301F-11D3-BF4B-00C04F79EFBC}") = "UCR.EB.BioMicroscopeAdmin.Backend.Infrastructure", "Backend.Infrastructure\UCR.EB.BioMicroscopeAdmin.Backend.Infrastructure.csproj", "{A23DD69B-7F14-4EF3-8A2D-A9D7575B9001}"
EndProject
Project("{FAE04EC0-301F-11D3-BF4B-00C04F79EFBC}") = "UCR.EB.BioMicroscopeAdmin.Backend.Infrastructure.Tests.Unit", "Backend.Infrastructure.Tests.Unit\UCR.EB.BioMicroscopeAdmin.Backend.Infrastructure.Tests.Unit.csproj", "{751203B5-AB72-4D27-B23A-80BA09FAD62F}"
EndProject
Project("{FAE04EC0-301F-11D3-BF4B-00C04F79EFBC}") = "UCR.EB.BioMicroscopeAdmin.Backend.Domain", "Backend.Domain\UCR.EB.BioMicroscopeAdmin.Backend.Domain.csproj", "{91EE0FA8-42B7-405B-83FD-24BB73A973DD}"
EndProject
Project("{FAE04EC0-301F-11D3-BF4B-00C04F79EFBC}") = "UCR.EB.BioMicroscopeAdmin.Backend.Domain.Tests.Unit", "Backend.Domain.Tests.Unit\UCR.EB.BioMicroscopeAdmin.Backend.Domain.Tests.Unit.csproj", "{3B482133-E51F-476B-AB62-D8A08EA4B602}"
EndProject
Project("{FAE04EC0-301F-11D3-BF4B-00C04F79EFBC}") = "UCR.EB.BioMicroscopeAdmin.Backend.Presentation", "Backend.Presentation\UCR.EB.BioMicroscopeAdmin.Backend.Presentation.csproj", "{35897E05-6412-4E2F-958D-59871F755D76}"
EndProject
Project("{FAE04EC0-301F-11D3-BF4B-00C04F79EFBC}") = "UCR.EB.BioMicroscopeAdmin.Backend.Presentation.Tests.Unit", "Backend.Presentation.Tests.Unit\UCR.EB.BioMicroscopeAdmin.Backend.Presentation.Tests.Unit.csproj", "{29F6796F-D5E3-4E0E-A2FA-AECB4E093C10}"
EndProject
Project("{2150E333-8FDC-42A3-9474-1A3956D46DE8}") = "Domain", "Domain", "{8F9FA549-EFC5-48EC-815A-A27E519F0CF5}"
EndProject
Project("{2150E333-8FDC-42A3-9474-1A3956D46DE8}") = "Application", "Application", "{63A6902B-C866-4286-BECD-6106A9D0AC05}"
EndProject
Project("{2150E333-8FDC-42A3-9474-1A3956D46DE8}") = "Infrastructure", "Infrastructure", "{9452A276-B40E-4F7E-864E-FD6702DE71C4}"
EndProject
Project("{2150E333-8FDC-42A3-9474-1A3956D46DE8}") = "Presentation", "Presentation", "{A29E3F20-422F-4C1F-8BA3-BC85B29FB893}"
EndProject
Project("{2150E333-8FDC-42A3-9474-1A3956D46DE8}") = "Frontend", "Frontend", "{F1E2D3C4-B5A6-7890-FEDC-BA9876543210}"
EndProject
Project("{2150E333-8FDC-42A3-9474-1A3956D46DE8}") = "Domain", "Domain", "{A2B3C4D5-E6F7-8901-ABCD-EF0123456789}"
EndProject
Project("{2150E333-8FDC-42A3-9474-1A3956D46DE8}") = "Application", "Application", "{B3C4D5E6-F7A8-9012-BCDE-F01234567890}"
EndProject
Project("{2150E333-8FDC-42A3-9474-1A3956D46DE8}") = "Infrastructure", "Infrastructure", "{C4D5E6F7-A8B9-0123-CDEF-012345678901}"
EndProject
Project("{2150E333-8FDC-42A3-9474-1A3956D46DE8}") = "Presentation", "Presentation", "{D5E6F7A8-B9C0-1234-DEF0-123456789012}"
EndProject
Project("{FAE04EC0-301F-11D3-BF4B-00C04F79EFBC}") = "UCR.EB.BioMicroscopeAdmin.Frontend.Domain", "Frontend.Domain\UCR.EB.BioMicroscopeAdmin.Frontend.Domain.csproj", "{7FFA7BD8-8A3F-41C7-BB62-AE9094C135F5}"
EndProject
Project("{FAE04EC0-301F-11D3-BF4B-00C04F79EFBC}") = "UCR.EB.BioMicroscopeAdmin.Frontend.Application", "Frontend.Application\UCR.EB.BioMicroscopeAdmin.Frontend.Application.csproj", "{A31AED89-7902-440A-919F-61C887A10AB4}"
EndProject
Project("{FAE04EC0-301F-11D3-BF4B-00C04F79EFBC}") = "UCR.EB.BioMicroscopeAdmin.Frontend.Infrastructure", "Frontend.Infrastructure\UCR.EB.BioMicroscopeAdmin.Frontend.Infrastructure.csproj", "{5FCF2040-1FAA-441A-A5E7-E28F0A3D9325}"
EndProject
Project("{FAE04EC0-301F-11D3-BF4B-00C04F79EFBC}") = "UCR.EB.BioMicroscopeAdmin.Frontend.Presentation", "Frontend.Presentation\UCR.EB.BioMicroscopeAdmin.Frontend.Presentation.csproj", "{61ACD773-90D6-4923-8EB4-384378C4C618}"
EndProject
Project("{FAE04EC0-301F-11D3-BF4B-00C04F79EFBC}") = "UCR.EB.BioMicroscopeAdmin.Frontend.DependencyInjection", "Frontend.DependencyInjection\UCR.EB.BioMicroscopeAdmin.Frontend.DependencyInjection.csproj", "{6DD6C25A-44DC-409E-BDA6-627575EFB38B}"
EndProject
Project("{FAE04EC0-301F-11D3-BF4B-00C04F79EFBC}") = "UCR.EB.BioMicroscopeAdmin.Frontend", "Frontend\UCR.EB.BioMicroscopeAdmin.Frontend.csproj", "{E03B2253-996F-4FE5-ADF1-2CEB63556F3C}"
EndProject
Project("{FAE04EC0-301F-11D3-BF4B-00C04F79EFBC}") = "UCR.EB.BioMicroscopeAdmin.Frontend.Domain.Tests.Unit", "Frontend.Domain.Tests.Unit\UCR.EB.BioMicroscopeAdmin.Frontend.Domain.Tests.Unit.csproj", "{1179ADB1-2E04-40EE-B759-0C11E563205B}"
EndProject
Project("{FAE04EC0-301F-11D3-BF4B-00C04F79EFBC}") = "UCR.EB.BioMicroscopeAdmin.Frontend.Application.Tests.Unit", "Frontend.Application.Tests.Unit\UCR.EB.BioMicroscopeAdmin.Frontend.Application.Tests.Unit.csproj", "{E31987E6-7E65-440A-8C85-456C1082D65A}"
EndProject
Project("{FAE04EC0-301F-11D3-BF4B-00C04F79EFBC}") = "UCR.EB.BioMicroscopeAdmin.Frontend.Infrastructure.Tests.Unit", "Frontend.Infrastructure.Tests.Unit\UCR.EB.BioMicroscopeAdmin.Frontend.Infrastructure.Tests.Unit.csproj", "{EAF3364D-2483-425C-BE9E-14618C546A00}"
EndProject
Project("{FAE04EC0-301F-11D3-BF4B-00C04F79EFBC}") = "UCR.EB.BioMicroscopeAdmin.Frontend.Presentation.Tests.Unit", "Frontend.Presentation.Tests.Unit\UCR.EB.BioMicroscopeAdmin.Frontend.Presentation.Tests.Unit.csproj", "{D591861F-1FFD-4A90-B338-9A338EF1ED83}"
EndProject
Global
	GlobalSection(SolutionConfigurationPlatforms) = preSolution
		Debug|Any CPU = Debug|Any CPU
		Debug|x64 = Debug|x64
		Debug|x86 = Debug|x86
		Release|Any CPU = Release|Any CPU
		Release|x64 = Release|x64
		Release|x86 = Release|x86
	EndGlobalSection
	GlobalSection(ProjectConfigurationPlatforms) = postSolution
		{4B0BEE94-5EAF-46D2-8203-C125E6CDF2B8}.Debug|Any CPU.ActiveCfg = Debug|Any CPU
		{4B0BEE94-5EAF-46D2-8203-C125E6CDF2B8}.Debug|Any CPU.Build.0 = Debug|Any CPU
		{4B0BEE94-5EAF-46D2-8203-C125E6CDF2B8}.Debug|x64.ActiveCfg = Debug|Any CPU
		{4B0BEE94-5EAF-46D2-8203-C125E6CDF2B8}.Debug|x64.Build.0 = Debug|Any CPU
		{4B0BEE94-5EAF-46D2-8203-C125E6CDF2B8}.Debug|x86.ActiveCfg = Debug|Any CPU
		{4B0BEE94-5EAF-46D2-8203-C125E6CDF2B8}.Debug|x86.Build.0 = Debug|Any CPU
		{4B0BEE94-5EAF-46D2-8203-C125E6CDF2B8}.Release|Any CPU.ActiveCfg = Release|Any CPU
		{4B0BEE94-5EAF-46D2-8203-C125E6CDF2B8}.Release|Any CPU.Build.0 = Release|Any CPU
		{4B0BEE94-5EAF-46D2-8203-C125E6CDF2B8}.Release|x64.ActiveCfg = Release|Any CPU
		{4B0BEE94-5EAF-46D2-8203-C125E6CDF2B8}.Release|x64.Build.0 = Release|Any CPU
		{4B0BEE94-5EAF-46D2-8203-C125E6CDF2B8}.Release|x86.ActiveCfg = Release|Any CPU
		{4B0BEE94-5EAF-46D2-8203-C125E6CDF2B8}.Release|x86.Build.0 = Release|Any CPU
		{9DD3DFD2-752B-40F7-BFAE-161A2BDBC727}.Debug|Any CPU.ActiveCfg = Debug|Any CPU
		{9DD3DFD2-752B-40F7-BFAE-161A2BDBC727}.Debug|Any CPU.Build.0 = Debug|Any CPU
		{9DD3DFD2-752B-40F7-BFAE-161A2BDBC727}.Debug|x64.ActiveCfg = Debug|Any CPU
		{9DD3DFD2-752B-40F7-BFAE-161A2BDBC727}.Debug|x64.Build.0 = Debug|Any CPU
		{9DD3DFD2-752B-40F7-BFAE-161A2BDBC727}.Debug|x86.ActiveCfg = Debug|Any CPU
		{9DD3DFD2-752B-40F7-BFAE-161A2BDBC727}.Debug|x86.Build.0 = Debug|Any CPU
		{9DD3DFD2-752B-40F7-BFAE-161A2BDBC727}.Release|Any CPU.ActiveCfg = Release|Any CPU
		{9DD3DFD2-752B-40F7-BFAE-161A2BDBC727}.Release|Any CPU.Build.0 = Release|Any CPU
		{9DD3DFD2-752B-40F7-BFAE-161A2BDBC727}.Release|x64.ActiveCfg = Release|Any CPU
		{9DD3DFD2-752B-40F7-BFAE-161A2BDBC727}.Release|x64.Build.0 = Release|Any CPU
		{9DD3DFD2-752B-40F7-BFAE-161A2BDBC727}.Release|x86.ActiveCfg = Release|Any CPU
		{9DD3DFD2-752B-40F7-BFAE-161A2BDBC727}.Release|x86.Build.0 = Release|Any CPU
		{817D643F-07D4-4880-92C6-C133D18D2F88}.Debug|Any CPU.ActiveCfg = Debug|Any CPU
		{817D643F-07D4-4880-92C6-C133D18D2F88}.Debug|Any CPU.Build.0 = Debug|Any CPU
		{817D643F-07D4-4880-92C6-C133D18D2F88}.Debug|x64.ActiveCfg = Debug|Any CPU
		{817D643F-07D4-4880-92C6-C133D18D2F88}.Debug|x64.Build.0 = Debug|Any CPU
		{817D643F-07D4-4880-92C6-C133D18D2F88}.Debug|x86.ActiveCfg = Debug|Any CPU
		{817D643F-07D4-4880-92C6-C133D18D2F88}.Debug|x86.Build.0 = Debug|Any CPU
		{817D643F-07D4-4880-92C6-C133D18D2F88}.Release|Any CPU.ActiveCfg = Release|Any CPU
		{817D643F-07D4-4880-92C6-C133D18D2F88}.Release|Any CPU.Build.0 = Release|Any CPU
		{817D643F-07D4-4880-92C6-C133D18D2F88}.Release|x64.ActiveCfg = Release|Any CPU
		{817D643F-07D4-4880-92C6-C133D18D2F88}.Release|x64.Build.0 = Release|Any CPU
		{817D643F-07D4-4880-92C6-C133D18D2F88}.Release|x86.ActiveCfg = Release|Any CPU
		{817D643F-07D4-4880-92C6-C133D18D2F88}.Release|x86.Build.0 = Release|Any CPU
		{66E443DE-E747-4690-B59A-A90647A94A58}.Debug|Any CPU.ActiveCfg = Debug|Any CPU
		{66E443DE-E747-4690-B59A-A90647A94A58}.Debug|Any CPU.Build.0 = Debug|Any CPU
		{66E443DE-E747-4690-B59A-A90647A94A58}.Debug|x64.ActiveCfg = Debug|Any CPU
		{66E443DE-E747-4690-B59A-A90647A94A58}.Debug|x64.Build.0 = Debug|Any CPU
		{66E443DE-E747-4690-B59A-A90647A94A58}.Debug|x86.ActiveCfg = Debug|Any CPU
		{66E443DE-E747-4690-B59A-A90647A94A58}.Debug|x86.Build.0 = Debug|Any CPU
		{66E443DE-E747-4690-B59A-A90647A94A58}.Release|Any CPU.ActiveCfg = Release|Any CPU
		{66E443DE-E747-4690-B59A-A90647A94A58}.Release|Any CPU.Build.0 = Release|Any CPU
		{66E443DE-E747-4690-B59A-A90647A94A58}.Release|x64.ActiveCfg = Release|Any CPU
		{66E443DE-E747-4690-B59A-A90647A94A58}.Release|x64.Build.0 = Release|Any CPU
		{66E443DE-E747-4690-B59A-A90647A94A58}.Release|x86.ActiveCfg = Release|Any CPU
		{66E443DE-E747-4690-B59A-A90647A94A58}.Release|x86.Build.0 = Release|Any CPU
		{A23DD69B-7F14-4EF3-8A2D-A9D7575B9001}.Debug|Any CPU.ActiveCfg = Debug|Any CPU
		{A23DD69B-7F14-4EF3-8A2D-A9D7575B9001}.Debug|Any CPU.Build.0 = Debug|Any CPU
		{A23DD69B-7F14-4EF3-8A2D-A9D7575B9001}.Debug|x64.ActiveCfg = Debug|Any CPU
		{A23DD69B-7F14-4EF3-8A2D-A9D7575B9001}.Debug|x64.Build.0 = Debug|Any CPU
		{A23DD69B-7F14-4EF3-8A2D-A9D7575B9001}.Debug|x86.ActiveCfg = Debug|Any CPU
		{A23DD69B-7F14-4EF3-8A2D-A9D7575B9001}.Debug|x86.Build.0 = Debug|Any CPU
		{A23DD69B-7F14-4EF3-8A2D-A9D7575B9001}.Release|Any CPU.ActiveCfg = Release|Any CPU
		{A23DD69B-7F14-4EF3-8A2D-A9D7575B9001}.Release|Any CPU.Build.0 = Release|Any CPU
		{A23DD69B-7F14-4EF3-8A2D-A9D7575B9001}.Release|x64.ActiveCfg = Release|Any CPU
		{A23DD69B-7F14-4EF3-8A2D-A9D7575B9001}.Release|x64.Build.0 = Release|Any CPU
		{A23DD69B-7F14-4EF3-8A2D-A9D7575B9001}.Release|x86.ActiveCfg = Release|Any CPU
		{A23DD69B-7F14-4EF3-8A2D-A9D7575B9001}.Release|x86.Build.0 = Release|Any CPU
		{751203B5-AB72-4D27-B23A-80BA09FAD62F}.Debug|Any CPU.ActiveCfg = Debug|Any CPU
		{751203B5-AB72-4D27-B23A-80BA09FAD62F}.Debug|Any CPU.Build.0 = Debug|Any CPU
		{751203B5-AB72-4D27-B23A-80BA09FAD62F}.Debug|x64.ActiveCfg = Debug|Any CPU
		{751203B5-AB72-4D27-B23A-80BA09FAD62F}.Debug|x64.Build.0 = Debug|Any CPU
		{751203B5-AB72-4D27-B23A-80BA09FAD62F}.Debug|x86.ActiveCfg = Debug|Any CPU
		{751203B5-AB72-4D27-B23A-80BA09FAD62F}.Debug|x86.Build.0 = Debug|Any CPU
		{751203B5-AB72-4D27-B23A-80BA09FAD62F}.Release|Any CPU.ActiveCfg = Release|Any CPU
		{751203B5-AB72-4D27-B23A-80BA09FAD62F}.Release|Any CPU.Build.0 = Release|Any CPU
		{751203B5-AB72-4D27-B23A-80BA09FAD62F}.Release|x64.ActiveCfg = Release|Any CPU
		{751203B5-AB72-4D27-B23A-80BA09FAD62F}.Release|x64.Build.0 = Release|Any CPU
		{751203B5-AB72-4D27-B23A-80BA09FAD62F}.Release|x86.ActiveCfg = Release|Any CPU
		{751203B5-AB72-4D27-B23A-80BA09FAD62F}.Release|x86.Build.0 = Release|Any CPU
		{91EE0FA8-42B7-405B-83FD-24BB73A973DD}.Debug|Any CPU.ActiveCfg = Debug|Any CPU
		{91EE0FA8-42B7-405B-83FD-24BB73A973DD}.Debug|Any CPU.Build.0 = Debug|Any CPU
		{91EE0FA8-42B7-405B-83FD-24BB73A973DD}.Debug|x64.ActiveCfg = Debug|Any CPU
		{91EE0FA8-42B7-405B-83FD-24BB73A973DD}.Debug|x64.Build.0 = Debug|Any CPU
		{91EE0FA8-42B7-405B-83FD-24BB73A973DD}.Debug|x86.ActiveCfg = Debug|Any CPU
		{91EE0FA8-42B7-405B-83FD-24BB73A973DD}.Debug|x86.Build.0 = Debug|Any CPU
		{91EE0FA8-42B7-405B-83FD-24BB73A973DD}.Release|Any CPU.ActiveCfg = Release|Any CPU
		{91EE0FA8-42B7-405B-83FD-24BB73A973DD}.Release|Any CPU.Build.0 = Release|Any CPU
		{91EE0FA8-42B7-405B-83FD-24BB73A973DD}.Release|x64.ActiveCfg = Release|Any CPU
		{91EE0FA8-42B7-405B-83FD-24BB73A973DD}.Release|x64.Build.0 = Release|Any CPU
		{91EE0FA8-42B7-405B-83FD-24BB73A973DD}.Release|x86.ActiveCfg = Release|Any CPU
		{91EE0FA8-42B7-405B-83FD-24BB73A973DD}.Release|x86.Build.0 = Release|Any CPU
		{3B482133-E51F-476B-AB62-D8A08EA4B602}.Debug|Any CPU.ActiveCfg = Debug|Any CPU
		{3B482133-E51F-476B-AB62-D8A08EA4B602}.Debug|Any CPU.Build.0 = Debug|Any CPU
		{3B482133-E51F-476B-AB62-D8A08EA4B602}.Debug|x64.ActiveCfg = Debug|Any CPU
		{3B482133-E51F-476B-AB62-D8A08EA4B602}.Debug|x64.Build.0 = Debug|Any CPU
		{3B482133-E51F-476B-AB62-D8A08EA4B602}.Debug|x86.ActiveCfg = Debug|Any CPU
		{3B482133-E51F-476B-AB62-D8A08EA4B602}.Debug|x86.Build.0 = Debug|Any CPU
		{3B482133-E51F-476B-AB62-D8A08EA4B602}.Release|Any CPU.ActiveCfg = Release|Any CPU
		{3B482133-E51F-476B-AB62-D8A08EA4B602}.Release|Any CPU.Build.0 = Release|Any CPU
		{3B482133-E51F-476B-AB62-D8A08EA4B602}.Release|x64.ActiveCfg = Release|Any CPU
		{3B482133-E51F-476B-AB62-D8A08EA4B602}.Release|x64.Build.0 = Release|Any CPU
		{3B482133-E51F-476B-AB62-D8A08EA4B602}.Release|x86.ActiveCfg = Release|Any CPU
		{3B482133-E51F-476B-AB62-D8A08EA4B602}.Release|x86.Build.0 = Release|Any CPU
		{35897E05-6412-4E2F-958D-59871F755D76}.Debug|Any CPU.ActiveCfg = Debug|Any CPU
		{35897E05-6412-4E2F-958D-59871F755D76}.Debug|Any CPU.Build.0 = Debug|Any CPU
		{35897E05-6412-4E2F-958D-59871F755D76}.Debug|x64.ActiveCfg = Debug|Any CPU
		{35897E05-6412-4E2F-958D-59871F755D76}.Debug|x64.Build.0 = Debug|Any CPU
		{35897E05-6412-4E2F-958D-59871F755D76}.Debug|x86.ActiveCfg = Debug|Any CPU
		{35897E05-6412-4E2F-958D-59871F755D76}.Debug|x86.Build.0 = Debug|Any CPU
		{35897E05-6412-4E2F-958D-59871F755D76}.Release|Any CPU.ActiveCfg = Release|Any CPU
		{35897E05-6412-4E2F-958D-59871F755D76}.Release|Any CPU.Build.0 = Release|Any CPU
		{35897E05-6412-4E2F-958D-59871F755D76}.Release|x64.ActiveCfg = Release|Any CPU
		{35897E05-6412-4E2F-958D-59871F755D76}.Release|x64.Build.0 = Release|Any CPU
		{35897E05-6412-4E2F-958D-59871F755D76}.Release|x86.ActiveCfg = Release|Any CPU
		{35897E05-6412-4E2F-958D-59871F755D76}.Release|x86.Build.0 = Release|Any CPU
		{29F6796F-D5E3-4E0E-A2FA-AECB4E093C10}.Debug|Any CPU.ActiveCfg = Debug|Any CPU
		{29F6796F-D5E3-4E0E-A2FA-AECB4E093C10}.Debug|Any CPU.Build.0 = Debug|Any CPU
		{29F6796F-D5E3-4E0E-A2FA-AECB4E093C10}.Debug|x64.ActiveCfg = Debug|Any CPU
		{29F6796F-D5E3-4E0E-A2FA-AECB4E093C10}.Debug|x64.Build.0 = Debug|Any CPU
		{29F6796F-D5E3-4E0E-A2FA-AECB4E093C10}.Debug|x86.ActiveCfg = Debug|Any CPU
		{29F6796F-D5E3-4E0E-A2FA-AECB4E093C10}.Debug|x86.Build.0 = Debug|Any CPU
		{29F6796F-D5E3-4E0E-A2FA-AECB4E093C10}.Release|Any CPU.ActiveCfg = Release|Any CPU
		{29F6796F-D5E3-4E0E-A2FA-AECB4E093C10}.Release|Any CPU.Build.0 = Release|Any CPU
		{29F6796F-D5E3-4E0E-A2FA-AECB4E093C10}.Release|x64.ActiveCfg = Release|Any CPU
		{29F6796F-D5E3-4E0E-A2FA-AECB4E093C10}.Release|x64.Build.0 = Release|Any CPU
		{29F6796F-D5E3-4E0E-A2FA-AECB4E093C10}.Release|x86.ActiveCfg = Release|Any CPU
		{29F6796F-D5E3-4E0E-A2FA-AECB4E093C10}.Release|x86.Build.0 = Release|Any CPU
		{7FFA7BD8-8A3F-41C7-BB62-AE9094C135F5}.Debug|Any CPU.ActiveCfg = Debug|Any CPU
		{7FFA7BD8-8A3F-41C7-BB62-AE9094C135F5}.Debug|Any CPU.Build.0 = Debug|Any CPU
		{7FFA7BD8-8A3F-41C7-BB62-AE9094C135F5}.Debug|x64.ActiveCfg = Debug|Any CPU
		{7FFA7BD8-8A3F-41C7-BB62-AE9094C135F5}.Debug|x64.Build.0 = Debug|Any CPU
		{7FFA7BD8-8A3F-41C7-BB62-AE9094C135F5}.Debug|x86.ActiveCfg = Debug|Any CPU
		{7FFA7BD8-8A3F-41C7-BB62-AE9094C135F5}.Debug|x86.Build.0 = Debug|Any CPU
		{7FFA7BD8-8A3F-41C7-BB62-AE9094C135F5}.Release|Any CPU.ActiveCfg = Release|Any CPU
		{7FFA7BD8-8A3F-41C7-BB62-AE9094C135F5}.Release|Any CPU.Build.0 = Release|Any CPU
		{7FFA7BD8-8A3F-41C7-BB62-AE9094C135F5}.Release|x64.ActiveCfg = Release|Any CPU
		{7FFA7BD8-8A3F-41C7-BB62-AE9094C135F5}.Release|x64.Build.0 = Release|Any CPU
		{7FFA7BD8-8A3F-41C7-BB62-AE9094C135F5}.Release|x86.ActiveCfg = Release|Any CPU
		{7FFA7BD8-8A3F-41C7-BB62-AE9094C135F5}.Release|x86.Build.0 = Release|Any CPU
		{A31AED89-7902-440A-919F-61C887A10AB4}.Debug|Any CPU.ActiveCfg = Debug|Any CPU
		{A31AED89-7902-440A-919F-61C887A10AB4}.Debug|Any CPU.Build.0 = Debug|Any CPU
		{A31AED89-7902-440A-919F-61C887A10AB4}.Debug|x64.ActiveCfg = Debug|Any CPU
		{A31AED89-7902-440A-919F-61C887A10AB4}.Debug|x64.Build.0 = Debug|Any CPU
		{A31AED89-7902-440A-919F-61C887A10AB4}.Debug|x86.ActiveCfg = Debug|Any CPU
		{A31AED89-7902-440A-919F-61C887A10AB4}.Debug|x86.Build.0 = Debug|Any CPU
		{A31AED89-7902-440A-919F-61C887A10AB4}.Release|Any CPU.ActiveCfg = Release|Any CPU
		{A31AED89-7902-440A-919F-61C887A10AB4}.Release|Any CPU.Build.0 = Release|Any CPU
		{A31AED89-7902-440A-919F-61C887A10AB4}.Release|x64.ActiveCfg = Release|Any CPU
		{A31AED89-7902-440A-919F-61C887A10AB4}.Release|x64.Build.0 = Release|Any CPU
		{A31AED89-7902-440A-919F-61C887A10AB4}.Release|x86.ActiveCfg = Release|Any CPU
		{A31AED89-7902-440A-919F-61C887A10AB4}.Release|x86.Build.0 = Release|Any CPU
		{5FCF2040-1FAA-441A-A5E7-E28F0A3D9325}.Debug|Any CPU.ActiveCfg = Debug|Any CPU
		{5FCF2040-1FAA-441A-A5E7-E28F0A3D9325}.Debug|Any CPU.Build.0 = Debug|Any CPU
		{5FCF2040-1FAA-441A-A5E7-E28F0A3D9325}.Debug|x64.ActiveCfg = Debug|Any CPU
		{5FCF2040-1FAA-441A-A5E7-E28F0A3D9325}.Debug|x64.Build.0 = Debug|Any CPU
		{5FCF2040-1FAA-441A-A5E7-E28F0A3D9325}.Debug|x86.ActiveCfg = Debug|Any CPU
		{5FCF2040-1FAA-441A-A5E7-E28F0A3D9325}.Debug|x86.Build.0 = Debug|Any CPU
		{5FCF2040-1FAA-441A-A5E7-E28F0A3D9325}.Release|Any CPU.ActiveCfg = Release|Any CPU
		{5FCF2040-1FAA-441A-A5E7-E28F0A3D9325}.Release|Any CPU.Build.0 = Release|Any CPU
		{5FCF2040-1FAA-441A-A5E7-E28F0A3D9325}.Release|x64.ActiveCfg = Release|Any CPU
		{5FCF2040-1FAA-441A-A5E7-E28F0A3D9325}.Release|x64.Build.0 = Release|Any CPU
		{5FCF2040-1FAA-441A-A5E7-E28F0A3D9325}.Release|x86.ActiveCfg = Release|Any CPU
		{5FCF2040-1FAA-441A-A5E7-E28F0A3D9325}.Release|x86.Build.0 = Release|Any CPU
		{61ACD773-90D6-4923-8EB4-384378C4C618}.Debug|Any CPU.ActiveCfg = Debug|Any CPU
		{61ACD773-90D6-4923-8EB4-384378C4C618}.Debug|Any CPU.Build.0 = Debug|Any CPU
		{61ACD773-90D6-4923-8EB4-384378C4C618}.Debug|x64.ActiveCfg = Debug|Any CPU
		{61ACD773-90D6-4923-8EB4-384378C4C618}.Debug|x64.Build.0 = Debug|Any CPU
		{61ACD773-90D6-4923-8EB4-384378C4C618}.Debug|x86.ActiveCfg = Debug|Any CPU
		{61ACD773-90D6-4923-8EB4-384378C4C618}.Debug|x86.Build.0 = Debug|Any CPU
		{61ACD773-90D6-4923-8EB4-384378C4C618}.Release|Any CPU.ActiveCfg = Release|Any CPU
		{61ACD773-90D6-4923-8EB4-384378C4C618}.Release|Any CPU.Build.0 = Release|Any CPU
		{61ACD773-90D6-4923-8EB4-384378C4C618}.Release|x64.ActiveCfg = Release|Any CPU
		{61ACD773-90D6-4923-8EB4-384378C4C618}.Release|x64.Build.0 = Release|Any CPU
		{61ACD773-90D6-4923-8EB4-384378C4C618}.Release|x86.ActiveCfg = Release|Any CPU
		{61ACD773-90D6-4923-8EB4-384378C4C618}.Release|x86.Build.0 = Release|Any CPU
		{6DD6C25A-44DC-409E-BDA6-627575EFB38B}.Debug|Any CPU.ActiveCfg = Debug|Any CPU
		{6DD6C25A-44DC-409E-BDA6-627575EFB38B}.Debug|Any CPU.Build.0 = Debug|Any CPU
		{6DD6C25A-44DC-409E-BDA6-627575EFB38B}.Debug|x64.ActiveCfg = Debug|Any CPU
		{6DD6C25A-44DC-409E-BDA6-627575EFB38B}.Debug|x64.Build.0 = Debug|Any CPU
		{6DD6C25A-44DC-409E-BDA6-627575EFB38B}.Debug|x86.ActiveCfg = Debug|Any CPU
		{6DD6C25A-44DC-409E-BDA6-627575EFB38B}.Debug|x86.Build.0 = Debug|Any CPU
		{6DD6C25A-44DC-409E-BDA6-627575EFB38B}.Release|Any CPU.ActiveCfg = Release|Any CPU
		{6DD6C25A-44DC-409E-BDA6-627575EFB38B}.Release|Any CPU.Build.0 = Release|Any CPU
		{6DD6C25A-44DC-409E-BDA6-627575EFB38B}.Release|x64.ActiveCfg = Release|Any CPU
		{6DD6C25A-44DC-409E-BDA6-627575EFB38B}.Release|x64.Build.0 = Release|Any CPU
		{6DD6C25A-44DC-409E-BDA6-627575EFB38B}.Release|x86.ActiveCfg = Release|Any CPU
		{6DD6C25A-44DC-409E-BDA6-627575EFB38B}.Release|x86.Build.0 = Release|Any CPU
		{E03B2253-996F-4FE5-ADF1-2CEB63556F3C}.Debug|Any CPU.ActiveCfg = Debug|Any CPU
		{E03B2253-996F-4FE5-ADF1-2CEB63556F3C}.Debug|Any CPU.Build.0 = Debug|Any CPU
		{E03B2253-996F-4FE5-ADF1-2CEB63556F3C}.Debug|x64.ActiveCfg = Debug|Any CPU
		{E03B2253-996F-4FE5-ADF1-2CEB63556F3C}.Debug|x64.Build.0 = Debug|Any CPU
		{E03B2253-996F-4FE5-ADF1-2CEB63556F3C}.Debug|x86.ActiveCfg = Debug|Any CPU
		{E03B2253-996F-4FE5-ADF1-2CEB63556F3C}.Debug|x86.Build.0 = Debug|Any CPU
		{E03B2253-996F-4FE5-ADF1-2CEB63556F3C}.Release|Any CPU.ActiveCfg = Release|Any CPU
		{E03B2253-996F-4FE5-ADF1-2CEB63556F3C}.Release|Any CPU.Build.0 = Release|Any CPU
		{E03B2253-996F-4FE5-ADF1-2CEB63556F3C}.Release|x64.ActiveCfg = Release|Any CPU
		{E03B2253-996F-4FE5-ADF1-2CEB63556F3C}.Release|x64.Build.0 = Release|Any CPU
		{E03B2253-996F-4FE5-ADF1-2CEB63556F3C}.Release|x86.ActiveCfg = Release|Any CPU
		{E03B2253-996F-4FE5-ADF1-2CEB63556F3C}.Release|x86.Build.0 = Release|Any CPU
		{1179ADB1-2E04-40EE-B759-0C11E563205B}.Debug|Any CPU.ActiveCfg = Debug|Any CPU
		{1179ADB1-2E04-40EE-B759-0C11E563205B}.Debug|Any CPU.Build.0 = Debug|Any CPU
		{1179ADB1-2E04-40EE-B759-0C11E563205B}.Debug|x64.ActiveCfg = Debug|Any CPU
		{1179ADB1-2E04-40EE-B759-0C11E563205B}.Debug|x64.Build.0 = Debug|Any CPU
		{1179ADB1-2E04-40EE-B759-0C11E563205B}.Debug|x86.ActiveCfg = Debug|Any CPU
		{1179ADB1-2E04-40EE-B759-0C11E563205B}.Debug|x86.Build.0 = Debug|Any CPU
		{1179ADB1-2E04-40EE-B759-0C11E563205B}.Release|Any CPU.ActiveCfg = Release|Any CPU
		{1179ADB1-2E04-40EE-B759-0C11E563205B}.Release|Any CPU.Build.0 = Release|Any CPU
		{1179ADB1-2E04-40EE-B759-0C11E563205B}.Release|x64.ActiveCfg = Release|Any CPU
		{1179ADB1-2E04-40EE-B759-0C11E563205B}.Release|x64.Build.0 = Release|Any CPU
		{1179ADB1-2E04-40EE-B759-0C11E563205B}.Release|x86.ActiveCfg = Release|Any CPU
		{1179ADB1-2E04-40EE-B759-0C11E563205B}.Release|x86.Build.0 = Release|Any CPU
		{E31987E6-7E65-440A-8C85-456C1082D65A}.Debug|Any CPU.ActiveCfg = Debug|Any CPU
		{E31987E6-7E65-440A-8C85-456C1082D65A}.Debug|Any CPU.Build.0 = Debug|Any CPU
		{E31987E6-7E65-440A-8C85-456C1082D65A}.Debug|x64.ActiveCfg = Debug|Any CPU
		{E31987E6-7E65-440A-8C85-456C1082D65A}.Debug|x64.Build.0 = Debug|Any CPU
		{E31987E6-7E65-440A-8C85-456C1082D65A}.Debug|x86.ActiveCfg = Debug|Any CPU
		{E31987E6-7E65-440A-8C85-456C1082D65A}.Debug|x86.Build.0 = Debug|Any CPU
		{E31987E6-7E65-440A-8C85-456C1082D65A}.Release|Any CPU.ActiveCfg = Release|Any CPU
		{E31987E6-7E65-440A-8C85-456C1082D65A}.Release|Any CPU.Build.0 = Release|Any CPU
		{E31987E6-7E65-440A-8C85-456C1082D65A}.Release|x64.ActiveCfg = Release|Any CPU
		{E31987E6-7E65-440A-8C85-456C1082D65A}.Release|x64.Build.0 = Release|Any CPU
		{E31987E6-7E65-440A-8C85-456C1082D65A}.Release|x86.ActiveCfg = Release|Any CPU
		{E31987E6-7E65-440A-8C85-456C1082D65A}.Release|x86.Build.0 = Release|Any CPU
		{EAF3364D-2483-425C-BE9E-14618C546A00}.Debug|Any CPU.ActiveCfg = Debug|Any CPU
		{EAF3364D-2483-425C-BE9E-14618C546A00}.Debug|Any CPU.Build.0 = Debug|Any CPU
		{EAF3364D-2483-425C-BE9E-14618C546A00}.Debug|x64.ActiveCfg = Debug|Any CPU
		{EAF3364D-2483-425C-BE9E-14618C546A00}.Debug|x64.Build.0 = Debug|Any CPU
		{EAF3364D-2483-425C-BE9E-14618C546A00}.Debug|x86.ActiveCfg = Debug|Any CPU
		{EAF3364D-2483-425C-BE9E-14618C546A00}.Debug|x86.Build.0 = Debug|Any CPU
		{EAF3364D-2483-425C-BE9E-14618C546A00}.Release|Any CPU.ActiveCfg = Release|Any CPU
		{EAF3364D-2483-425C-BE9E-14618C546A00}.Release|Any CPU.Build.0 = Release|Any CPU
		{EAF3364D-2483-425C-BE9E-14618C546A00}.Release|x64.ActiveCfg = Release|Any CPU
		{EAF3364D-2483-425C-BE9E-14618C546A00}.Release|x64.Build.0 = Release|Any CPU
		{EAF3364D-2483-425C-BE9E-14618C546A00}.Release|x86.ActiveCfg = Release|Any CPU
		{EAF3364D-2483-425C-BE9E-14618C546A00}.Release|x86.Build.0 = Release|Any CPU
		{D591861F-1FFD-4A90-B338-9A338EF1ED83}.Debug|Any CPU.ActiveCfg = Debug|Any CPU
		{D591861F-1FFD-4A90-B338-9A338EF1ED83}.Debug|Any CPU.Build.0 = Debug|Any CPU
		{D591861F-1FFD-4A90-B338-9A338EF1ED83}.Debug|x64.ActiveCfg = Debug|Any CPU
		{D591861F-1FFD-4A90-B338-9A338EF1ED83}.Debug|x64.Build.0 = Debug|Any CPU
		{D591861F-1FFD-4A90-B338-9A338EF1ED83}.Debug|x86.ActiveCfg = Debug|Any CPU
		{D591861F-1FFD-4A90-B338-9A338EF1ED83}.Debug|x86.Build.0 = Debug|Any CPU
		{D591861F-1FFD-4A90-B338-9A338EF1ED83}.Release|Any CPU.ActiveCfg = Release|Any CPU
		{D591861F-1FFD-4A90-B338-9A338EF1ED83}.Release|Any CPU.Build.0 = Release|Any CPU
		{D591861F-1FFD-4A90-B338-9A338EF1ED83}.Release|x64.ActiveCfg = Release|Any CPU
		{D591861F-1FFD-4A90-B338-9A338EF1ED83}.Release|x64.Build.0 = Release|Any CPU
		{D591861F-1FFD-4A90-B338-9A338EF1ED83}.Release|x86.ActiveCfg = Release|Any CPU
		{D591861F-1FFD-4A90-B338-9A338EF1ED83}.Release|x86.Build.0 = Release|Any CPU
	EndGlobalSection
	GlobalSection(SolutionProperties) = preSolution
		HideSolutionNode = FALSE
	EndGlobalSection
	GlobalSection(NestedProjects) = preSolution
		{4B0BEE94-5EAF-46D2-8203-C125E6CDF2B8} = {1AE8ACA6-933B-BF2A-3671-3E2EAC007D16}
		{9DD3DFD2-752B-40F7-BFAE-161A2BDBC727} = {63A6902B-C866-4286-BECD-6106A9D0AC05}
		{817D643F-07D4-4880-92C6-C133D18D2F88} = {63A6902B-C866-4286-BECD-6106A9D0AC05}
		{66E443DE-E747-4690-B59A-A90647A94A58} = {1AE8ACA6-933B-BF2A-3671-3E2EAC007D16}
		{A23DD69B-7F14-4EF3-8A2D-A9D7575B9001} = {9452A276-B40E-4F7E-864E-FD6702DE71C4}
		{751203B5-AB72-4D27-B23A-80BA09FAD62F} = {9452A276-B40E-4F7E-864E-FD6702DE71C4}
		{91EE0FA8-42B7-405B-83FD-24BB73A973DD} = {8F9FA549-EFC5-48EC-815A-A27E519F0CF5}
		{3B482133-E51F-476B-AB62-D8A08EA4B602} = {8F9FA549-EFC5-48EC-815A-A27E519F0CF5}
		{35897E05-6412-4E2F-958D-59871F755D76} = {A29E3F20-422F-4C1F-8BA3-BC85B29FB893}
		{29F6796F-D5E3-4E0E-A2FA-AECB4E093C10} = {A29E3F20-422F-4C1F-8BA3-BC85B29FB893}
		{8F9FA549-EFC5-48EC-815A-A27E519F0CF5} = {1AE8ACA6-933B-BF2A-3671-3E2EAC007D16}
		{63A6902B-C866-4286-BECD-6106A9D0AC05} = {1AE8ACA6-933B-BF2A-3671-3E2EAC007D16}
		{9452A276-B40E-4F7E-864E-FD6702DE71C4} = {1AE8ACA6-933B-BF2A-3671-3E2EAC007D16}
		{A29E3F20-422F-4C1F-8BA3-BC85B29FB893} = {1AE8ACA6-933B-BF2A-3671-3E2EAC007D16}
		{A2B3C4D5-E6F7-8901-ABCD-EF0123456789} = {F1E2D3C4-B5A6-7890-FEDC-BA9876543210}
		{B3C4D5E6-F7A8-9012-BCDE-F01234567890} = {F1E2D3C4-B5A6-7890-FEDC-BA9876543210}
		{C4D5E6F7-A8B9-0123-CDEF-012345678901} = {F1E2D3C4-B5A6-7890-FEDC-BA9876543210}
		{D5E6F7A8-B9C0-1234-DEF0-123456789012} = {F1E2D3C4-B5A6-7890-FEDC-BA9876543210}
		{7FFA7BD8-8A3F-41C7-BB62-AE9094C135F5} = {A2B3C4D5-E6F7-8901-ABCD-EF0123456789}
		{A31AED89-7902-440A-919F-61C887A10AB4} = {B3C4D5E6-F7A8-9012-BCDE-F01234567890}
		{5FCF2040-1FAA-441A-A5E7-E28F0A3D9325} = {C4D5E6F7-A8B9-0123-CDEF-012345678901}
		{61ACD773-90D6-4923-8EB4-384378C4C618} = {D5E6F7A8-B9C0-1234-DEF0-123456789012}
		{6DD6C25A-44DC-409E-BDA6-627575EFB38B} = {F1E2D3C4-B5A6-7890-FEDC-BA9876543210}
		{E03B2253-996F-4FE5-ADF1-2CEB63556F3C} = {F1E2D3C4-B5A6-7890-FEDC-BA9876543210}
		{1179ADB1-2E04-40EE-B759-0C11E563205B} = {A2B3C4D5-E6F7-8901-ABCD-EF0123456789}
		{E31987E6-7E65-440A-8C85-456C1082D65A} = {B3C4D5E6-F7A8-9012-BCDE-F01234567890}
		{EAF3364D-2483-425C-BE9E-14618C546A00} = {C4D5E6F7-A8B9-0123-CDEF-012345678901}
		{D591861F-1FFD-4A90-B338-9A338EF1ED83} = {D5E6F7A8-B9C0-1234-DEF0-123456789012}
	EndGlobalSection
EndGlobal
